
Microsoft Visual Studio Solution File, Format Version 12.00
# Visual Studio 15
VisualStudioVersion = 15.0.27004.2006
MinimumVisualStudioVersion = 10.0.40219.1
Project("{FAE04EC0-301F-11D3-BF4B-00C04F79EFBC}") = "LabClases2", "LabClases2\LabClases2.csproj", "{4CD9C6DD-D853-40E8-AADE-E68FFBB5A82B}"
EndProject
Project("{FAE04EC0-301F-11D3-BF4B-00C04F79EFBC}") = "Clases", "Clases\Clases.csproj", "{CB99B13A-B278-438C-8B6E-33157F3B0D15}"
EndProject
Global
	GlobalSection(SolutionConfigurationPlatforms) = preSolution
		Debug|Any CPU = Debug|Any CPU
		Release|Any CPU = Release|Any CPU
	EndGlobalSection
	GlobalSection(ProjectConfigurationPlatforms) = postSolution
		{4CD9C6DD-D853-40E8-AADE-E68FFBB5A82B}.Debug|Any CPU.ActiveCfg = Debug|Any CPU
		{4CD9C6DD-D853-40E8-AADE-E68FFBB5A82B}.Debug|Any CPU.Build.0 = Debug|Any CPU
		{4CD9C6DD-D853-40E8-AADE-E68FFBB5A82B}.Release|Any CPU.ActiveCfg = Release|Any CPU
		{4CD9C6DD-D853-40E8-AADE-E68FFBB5A82B}.Release|Any CPU.Build.0 = Release|Any CPU
		{CB99B13A-B278-438C-8B6E-33157F3B0D15}.Debug|Any CPU.ActiveCfg = Debug|Any CPU
		{CB99B13A-B278-438C-8B6E-33157F3B0D15}.Debug|Any CPU.Build.0 = Debug|Any CPU
		{CB99B13A-B278-438C-8B6E-33157F3B0D15}.Release|Any CPU.ActiveCfg = Release|Any CPU
		{CB99B13A-B278-438C-8B6E-33157F3B0D15}.Release|Any CPU.Build.0 = Release|Any CPU
	EndGlobalSection
	GlobalSection(SolutionProperties) = preSolution
		HideSolutionNode = FALSE
	EndGlobalSection
	GlobalSection(ExtensibilityGlobals) = postSolution
		SolutionGuid = {A1428400-145C-40D2-9169-DE92089C398D}
	EndGlobalSection
EndGlobal
