
Microsoft Visual Studio Solution File, Format Version 12.00
# Visual Studio 15
VisualStudioVersion = 15.0.28307.489
MinimumVisualStudioVersion = 10.0.40219.1
Project("{FAE04EC0-301F-11D3-BF4B-00C04F79EFBC}") = "LabClases4", "LabClases4\LabClases4.csproj", "{0A4221F8-44FF-4B18-A21B-87578ED415B5}"
EndProject
Project("{FAE04EC0-301F-11D3-BF4B-00C04F79EFBC}") = "Clases", "Clases\Clases.csproj", "{5AB706E0-9C00-4E17-9308-8890E7E3F225}"
EndProject
Global
	GlobalSection(SolutionConfigurationPlatforms) = preSolution
		Debug|Any CPU = Debug|Any CPU
		Release|Any CPU = Release|Any CPU
	EndGlobalSection
	GlobalSection(ProjectConfigurationPlatforms) = postSolution
		{0A4221F8-44FF-4B18-A21B-87578ED415B5}.Debug|Any CPU.ActiveCfg = Debug|Any CPU
		{0A4221F8-44FF-4B18-A21B-87578ED415B5}.Debug|Any CPU.Build.0 = Debug|Any CPU
		{0A4221F8-44FF-4B18-A21B-87578ED415B5}.Release|Any CPU.ActiveCfg = Release|Any CPU
		{0A4221F8-44FF-4B18-A21B-87578ED415B5}.Release|Any CPU.Build.0 = Release|Any CPU
		{5AB706E0-9C00-4E17-9308-8890E7E3F225}.Debug|Any CPU.ActiveCfg = Debug|Any CPU
		{5AB706E0-9C00-4E17-9308-8890E7E3F225}.Debug|Any CPU.Build.0 = Debug|Any CPU
		{5AB706E0-9C00-4E17-9308-8890E7E3F225}.Release|Any CPU.ActiveCfg = Release|Any CPU
		{5AB706E0-9C00-4E17-9308-8890E7E3F225}.Release|Any CPU.Build.0 = Release|Any CPU
	EndGlobalSection
	GlobalSection(SolutionProperties) = preSolution
		HideSolutionNode = FALSE
	EndGlobalSection
	GlobalSection(ExtensibilityGlobals) = postSolution
		SolutionGuid = {922DB299-7184-4452-A7DF-22BB70C22BF2}
	EndGlobalSection
EndGlobal
