
Microsoft Visual Studio Solution File, Format Version 12.00
# Visual Studio 15
VisualStudioVersion = 15.0.28307.489
MinimumVisualStudioVersion = 10.0.40219.1
Project("{FAE04EC0-301F-11D3-BF4B-00C04F79EFBC}") = "LabClases1", "LabClases1\LabClases1.csproj", "{016CB11D-5780-45E3-9D00-8217F8DCFC8D}"
EndProject
Project("{FAE04EC0-301F-11D3-BF4B-00C04F79EFBC}") = "Clases", "Clases\Clases.csproj", "{5355D66A-E84F-4718-926C-7FA79B37669F}"
EndProject
Global
	GlobalSection(SolutionConfigurationPlatforms) = preSolution
		Debug|Any CPU = Debug|Any CPU
		Release|Any CPU = Release|Any CPU
	EndGlobalSection
	GlobalSection(ProjectConfigurationPlatforms) = postSolution
		{016CB11D-5780-45E3-9D00-8217F8DCFC8D}.Debug|Any CPU.ActiveCfg = Debug|Any CPU
		{016CB11D-5780-45E3-9D00-8217F8DCFC8D}.Debug|Any CPU.Build.0 = Debug|Any CPU
		{016CB11D-5780-45E3-9D00-8217F8DCFC8D}.Release|Any CPU.ActiveCfg = Release|Any CPU
		{016CB11D-5780-45E3-9D00-8217F8DCFC8D}.Release|Any CPU.Build.0 = Release|Any CPU
		{5355D66A-E84F-4718-926C-7FA79B37669F}.Debug|Any CPU.ActiveCfg = Debug|Any CPU
		{5355D66A-E84F-4718-926C-7FA79B37669F}.Debug|Any CPU.Build.0 = Debug|Any CPU
		{5355D66A-E84F-4718-926C-7FA79B37669F}.Release|Any CPU.ActiveCfg = Release|Any CPU
		{5355D66A-E84F-4718-926C-7FA79B37669F}.Release|Any CPU.Build.0 = Release|Any CPU
	EndGlobalSection
	GlobalSection(SolutionProperties) = preSolution
		HideSolutionNode = FALSE
	EndGlobalSection
	GlobalSection(ExtensibilityGlobals) = postSolution
		SolutionGuid = {F69CF978-9A71-49A3-9154-3BDF3783BC6C}
	EndGlobalSection
EndGlobal
